
Microsoft Visual Studio Solution File, Format Version 12.00
# Visual Studio 15
VisualStudioVersion = 15.0.28307.572
MinimumVisualStudioVersion = 10.0.40219.1
Project("{888888A0-9F3D-457C-B088-3A5042F75D52}") = "POPclient", "POPclient\POPclient.pyproj", "{00069A52-069E-4C46-BB0E-95C7170E1C6B}"
EndProject
Global
	GlobalSection(SolutionConfigurationPlatforms) = preSolution
		Debug|Any CPU = Debug|Any CPU
		Release|Any CPU = Release|Any CPU
	EndGlobalSection
	GlobalSection(ProjectConfigurationPlatforms) = postSolution
		{00069A52-069E-4C46-BB0E-95C7170E1C6B}.Debug|Any CPU.ActiveCfg = Debug|Any CPU
		{00069A52-069E-4C46-BB0E-95C7170E1C6B}.Release|Any CPU.ActiveCfg = Release|Any CPU
	EndGlobalSection
	GlobalSection(SolutionProperties) = preSolution
		HideSolutionNode = FALSE
	EndGlobalSection
	GlobalSection(ExtensibilityGlobals) = postSolution
		SolutionGuid = {545AC46D-0346-4D21-B3A6-19B2CBB3B5D5}
	EndGlobalSection
EndGlobal
